<?xml version="1.0" encoding="utf-8"?>
<Project ToolsVersion="4.0" xmlns="http://schemas.microsoft.com/developer/msbuild/2003">
  <ItemGroup>


  </ItemGroup>
  <ItemGroup>
    <ClCompile Include="LuaSwigTestAppPCH.cpp">
        <Filter></Filter>
        <DeploymentContent>False</DeploymentContent></ClCompile>
    <ClInclude Include="LuaSwigTestAppPCH.h">
        <Filter></Filter>
        <DeploymentContent>False</DeploymentContent></ClInclude>
    <ClCompile Include="Main.cpp">
        <Filter></Filter>
        <DeploymentContent>False</DeploymentContent></ClCompile>

  </ItemGroup>
</Project>
